// !$*UTF8*$!
{
	archiveVersion = 1;
	classes = {
	};
	objectVersion = 56;
	objects = {

/* Begin PBXBuildFile section */
		760E5FE5298E028400E28982 /* E_WALLETApp.swift in Sources */ = {isa = PBXBuildFile; fileRef = 760E5FE4298E028400E28982 /* E_WALLETApp.swift */; };
		760E5FE7298E028400E28982 /* ContentView.swift in Sources */ = {isa = PBXBuildFile; fileRef = 760E5FE6298E028400E28982 /* ContentView.swift */; };
		760E5FE9298E028500E28982 /* Assets.xcassets in Resources */ = {isa = PBXBuildFile; fileRef = 760E5FE8298E028500E28982 /* Assets.xcassets */; };
		760E5FED298E028500E28982 /* Preview Assets.xcassets in Resources */ = {isa = PBXBuildFile; fileRef = 760E5FEC298E028500E28982 /* Preview Assets.xcassets */; };
		760E5FF7298E028500E28982 /* E_WALLETTests.swift in Sources */ = {isa = PBXBuildFile; fileRef = 760E5FF6298E028500E28982 /* E_WALLETTests.swift */; };
		760E6001298E028500E28982 /* E_WALLETUITests.swift in Sources */ = {isa = PBXBuildFile; fileRef = 760E6000298E028500E28982 /* E_WALLETUITests.swift */; };
		760E6003298E028500E28982 /* E_WALLETUITestsLaunchTests.swift in Sources */ = {isa = PBXBuildFile; fileRef = 760E6002298E028500E28982 /* E_WALLETUITestsLaunchTests.swift */; };
/* End PBXBuildFile section */

/* Begin PBXContainerItemProxy section */
		760E5FF3298E028500E28982 /* PBXContainerItemProxy */ = {
			isa = PBXContainerItemProxy;
			containerPortal = 760E5FD9298E028300E28982 /* Project object */;
			proxyType = 1;
			remoteGlobalIDString = 760E5FE0298E028300E28982;
			remoteInfo = "E WALLET";
		};
		760E5FFD298E028500E28982 /* PBXContainerItemProxy */ = {
			isa = PBXContainerItemProxy;
			containerPortal = 760E5FD9298E028300E28982 /* Project object */;
			proxyType = 1;
			remoteGlobalIDString = 760E5FE0298E028300E28982;
			remoteInfo = "E WALLET";
		};
/* End PBXContainerItemProxy section */

/* Begin PBXFileReference section */
		760E5FE1298E028400E28982 /* E WALLET.app */ = {isa = PBXFileReference; explicitFileType = wrapper.application; includeInIndex = 0; path = "E WALLET.app"; sourceTree = BUILT_PRODUCTS_DIR; };
		760E5FE4298E028400E28982 /* E_WALLETApp.swift */ = {isa = PBXFileReference; lastKnownFileType = sourcecode.swift; path = E_WALLETApp.swift; sourceTree = "<group>"; };
		760E5FE6298E028400E28982 /* ContentView.swift */ = {isa = PBXFileReference; lastKnownFileType = sourcecode.swift; path = ContentView.swift; sourceTree = "<group>"; };
		760E5FE8298E028500E28982 /* Assets.xcassets */ = {isa = PBXFileReference; lastKnownFileType = folder.assetcatalog; path = Assets.xcassets; sourceTree = "<group>"; };
		760E5FEA298E028500E28982 /* E_WALLET.entitlements */ = {isa = PBXFileReference; lastKnownFileType = text.plist.entitlements; path = E_WALLET.entitlements; sourceTree = "<group>"; };
		760E5FEC298E028500E28982 /* Preview Assets.xcassets */ = {isa = PBXFileReference; lastKnownFileType = folder.assetcatalog; path = "Preview Assets.xcassets"; sourceTree = "<group>"; };
		760E5FF2298E028500E28982 /* E WALLETTests.xctest */ = {isa = PBXFileReference; explicitFileType = wrapper.cfbundle; includeInIndex = 0; path = "E WALLETTests.xctest"; sourceTree = BUILT_PRODUCTS_DIR; };
		760E5FF6298E028500E28982 /* E_WALLETTests.swift */ = {isa = PBXFileReference; lastKnownFileType = sourcecode.swift; path = E_WALLETTests.swift; sourceTree = "<group>"; };
		760E5FFC298E028500E28982 /* E WALLETUITests.xctest */ = {isa = PBXFileReference; explicitFileType = wrapper.cfbundle; includeInIndex = 0; path = "E WALLETUITests.xctest"; sourceTree = BUILT_PRODUCTS_DIR; };
		760E6000298E028500E28982 /* E_WALLETUITests.swift */ = {isa = PBXFileReference; lastKnownFileType = sourcecode.swift; path = E_WALLETUITests.swift; sourceTree = "<group>"; };
		760E6002298E028500E28982 /* E_WALLETUITestsLaunchTests.swift */ = {isa = PBXFileReference; lastKnownFileType = sourcecode.swift; path = E_WALLETUITestsLaunchTests.swift; sourceTree = "<group>"; };
/* End PBXFileReference section */

/* Begin PBXFrameworksBuildPhase section */
		760E5FDE298E028300E28982 /* Frameworks */ = {
			isa = PBXFrameworksBuildPhase;
			buildActionMask = 2147483647;
			files = (
			);
			runOnlyForDeploymentPostprocessing = 0;
		};
		760E5FEF298E028500E28982 /* Frameworks */ = {
			isa = PBXFrameworksBuildPhase;
			buildActionMask = 2147483647;
			files = (
			);
			runOnlyForDeploymentPostprocessing = 0;
		};
		760E5FF9298E028500E28982 /* Frameworks */ = {
			isa = PBXFrameworksBuildPhase;
			buildActionMask = 2147483647;
			files = (
			);
			runOnlyForDeploymentPostprocessing = 0;
		};
/* End PBXFrameworksBuildPhase section */

/* Begin PBXGroup section */
		760E5FD8298E028300E28982 = {
			isa = PBXGroup;
			children = (
				760E5FE3298E028400E28982 /* E WALLET */,
				760E5FF5298E028500E28982 /* E WALLETTests */,
				760E5FFF298E028500E28982 /* E WALLETUITests */,
				760E5FE2298E028400E28982 /* Products */,
			);
			sourceTree = "<group>";
		};
		760E5FE2298E028400E28982 /* Products */ = {
			isa = PBXGroup;
			children = (
				760E5FE1298E028400E28982 /* E WALLET.app */,
				760E5FF2298E028500E28982 /* E WALLETTests.xctest */,
				760E5FFC298E028500E28982 /* E WALLETUITests.xctest */,
			);
			name = Products;
			sourceTree = "<group>";
		};
		760E5FE3298E028400E28982 /* E WALLET */ = {
			isa = PBXGroup;
			children = (
				760E5FE4298E028400E28982 /* E_WALLETApp.swift */,
				760E5FE6298E028400E28982 /* ContentView.swift */,
				760E5FE8298E028500E28982 /* Assets.xcassets */,
				760E5FEA298E028500E28982 /* E_WALLET.entitlements */,
				760E5FEB298E028500E28982 /* Preview Content */,
			);
			path = "E WALLET";
			sourceTree = "<group>";
		};
		760E5FEB298E028500E28982 /* Preview Content */ = {
			isa = PBXGroup;
			children = (
				760E5FEC298E028500E28982 /* Preview Assets.xcassets */,
			);
			path = "Preview Content";
			sourceTree = "<group>";
		};
		760E5FF5298E028500E28982 /* E WALLETTests */ = {
			isa = PBXGroup;
			children = (
				760E5FF6298E028500E28982 /* E_WALLETTests.swift */,
			);
			path = "E WALLETTests";
			sourceTree = "<group>";
		};
		760E5FFF298E028500E28982 /* E WALLETUITests */ = {
			isa = PBXGroup;
			children = (
				760E6000298E028500E28982 /* E_WALLETUITests.swift */,
				760E6002298E028500E28982 /* E_WALLETUITestsLaunchTests.swift */,
			);
			path = "E WALLETUITests";
			sourceTree = "<group>";
		};
/* End PBXGroup section */

/* Begin PBXNativeTarget section */
		760E5FE0298E028300E28982 /* E WALLET */ = {
			isa = PBXNativeTarget;
			buildConfigurationList = 760E6006298E028500E28982 /* Build configuration list for PBXNativeTarget "E WALLET" */;
			buildPhases = (
				760E5FDD298E028300E28982 /* Sources */,
				760E5FDE298E028300E28982 /* Frameworks */,
				760E5FDF298E028300E28982 /* Resources */,
			);
			buildRules = (
			);
			dependencies = (
			);
			name = "E WALLET";
			productName = "E WALLET";
			productReference = 760E5FE1298E028400E28982 /* E WALLET.app */;
			productType = "com.apple.product-type.application";
		};
		760E5FF1298E028500E28982 /* E WALLETTests */ = {
			isa = PBXNativeTarget;
			buildConfigurationList = 760E6009298E028500E28982 /* Build configuration list for PBXNativeTarget "E WALLETTests" */;
			buildPhases = (
				760E5FEE298E028500E28982 /* Sources */,
				760E5FEF298E028500E28982 /* Frameworks */,
				760E5FF0298E028500E28982 /* Resources */,
			);
			buildRules = (
			);
			dependencies = (
				760E5FF4298E028500E28982 /* PBXTargetDependency */,
			);
			name = "E WALLETTests";
			productName = "E WALLETTests";
			productReference = 760E5FF2298E028500E28982 /* E WALLETTests.xctest */;
			productType = "com.apple.product-type.bundle.unit-test";
		};
		760E5FFB298E028500E28982 /* E WALLETUITests */ = {
			isa = PBXNativeTarget;
			buildConfigurationList = 760E600C298E028500E28982 /* Build configuration list for PBXNativeTarget "E WALLETUITests" */;
			buildPhases = (
				760E5FF8298E028500E28982 /* Sources */,
				760E5FF9298E028500E28982 /* Frameworks */,
				760E5FFA298E028500E28982 /* Resources */,
			);
			buildRules = (
			);
			dependencies = (
				760E5FFE298E028500E28982 /* PBXTargetDependency */,
			);
			name = "E WALLETUITests";
			productName = "E WALLETUITests";
			productReference = 760E5FFC298E028500E28982 /* E WALLETUITests.xctest */;
			productType = "com.apple.product-type.bundle.ui-testing";
		};
/* End PBXNativeTarget section */

/* Begin PBXProject section */
		760E5FD9298E028300E28982 /* Project object */ = {
			isa = PBXProject;
			attributes = {
				BuildIndependentTargetsInParallel = 1;
				LastSwiftUpdateCheck = 1420;
				LastUpgradeCheck = 1420;
				TargetAttributes = {
					760E5FE0298E028300E28982 = {
						CreatedOnToolsVersion = 14.2;
					};
					760E5FF1298E028500E28982 = {
						CreatedOnToolsVersion = 14.2;
						TestTargetID = 760E5FE0298E028300E28982;
					};
					760E5FFB298E028500E28982 = {
						CreatedOnToolsVersion = 14.2;
						TestTargetID = 760E5FE0298E028300E28982;
					};
				};
			};
			buildConfigurationList = 760E5FDC298E028300E28982 /* Build configuration list for PBXProject "E WALLET" */;
			compatibilityVersion = "Xcode 14.0";
			developmentRegion = en;
			hasScannedForEncodings = 0;
			knownRegions = (
				en,
				Base,
			);
			mainGroup = 760E5FD8298E028300E28982;
			productRefGroup = 760E5FE2298E028400E28982 /* Products */;
			projectDirPath = "";
			projectRoot = "";
			targets = (
				760E5FE0298E028300E28982 /* E WALLET */,
				760E5FF1298E028500E28982 /* E WALLETTests */,
				760E5FFB298E028500E28982 /* E WALLETUITests */,
			);
		};
/* End PBXProject section */

/* Begin PBXResourcesBuildPhase section */
		760E5FDF298E028300E28982 /* Resources */ = {
			isa = PBXResourcesBuildPhase;
			buildActionMask = 2147483647;
			files = (
				760E5FED298E028500E28982 /* Preview Assets.xcassets in Resources */,
				760E5FE9298E028500E28982 /* Assets.xcassets in Resources */,
			);
			runOnlyForDeploymentPostprocessing = 0;
		};
		760E5FF0298E028500E28982 /* Resources */ = {
			isa = PBXResourcesBuildPhase;
			buildActionMask = 2147483647;
			files = (
			);
			runOnlyForDeploymentPostprocessing = 0;
		};
		760E5FFA298E028500E28982 /* Resources */ = {
			isa = PBXResourcesBuildPhase;
			buildActionMask = 2147483647;
			files = (
			);
			runOnlyForDeploymentPostprocessing = 0;
		};
/* End PBXResourcesBuildPhase section */

/* Begin PBXSourcesBuildPhase section */
		760E5FDD298E028300E28982 /* Sources */ = {
			isa = PBXSourcesBuildPhase;
			buildActionMask = 2147483647;
			files = (
				760E5FE7298E028400E28982 /* ContentView.swift in Sources */,
				760E5FE5298E028400E28982 /* E_WALLETApp.swift in Sources */,
			);
			runOnlyForDeploymentPostprocessing = 0;
		};
		760E5FEE298E028500E28982 /* Sources */ = {
			isa = PBXSourcesBuildPhase;
			buildActionMask = 2147483647;
			files = (
				760E5FF7298E028500E28982 /* E_WALLETTests.swift in Sources */,
			);
			runOnlyForDeploymentPostprocessing = 0;
		};
		760E5FF8298E028500E28982 /* Sources */ = {
			isa = PBXSourcesBuildPhase;
			buildActionMask = 2147483647;
			files = (
				760E6003298E028500E28982 /* E_WALLETUITestsLaunchTests.swift in Sources */,
				760E6001298E028500E28982 /* E_WALLETUITests.swift in Sources */,
			);
			runOnlyForDeploymentPostprocessing = 0;
		};
/* End PBXSourcesBuildPhase section */

/* Begin PBXTargetDependency section */
		760E5FF4298E028500E28982 /* PBXTargetDependency */ = {
			isa = PBXTargetDependency;
			target = 760E5FE0298E028300E28982 /* E WALLET */;
			targetProxy = 760E5FF3298E028500E28982 /* PBXContainerItemProxy */;
		};
		760E5FFE298E028500E28982 /* PBXTargetDependency */ = {
			isa = PBXTargetDependency;
			target = 760E5FE0298E028300E28982 /* E WALLET */;
			targetProxy = 760E5FFD298E028500E28982 /* PBXContainerItemProxy */;
		};
/* End PBXTargetDependency section */

/* Begin XCBuildConfiguration section */
		760E6004298E028500E28982 /* Debug */ = {
			isa = XCBuildConfiguration;
			buildSettings = {
				ALWAYS_SEARCH_USER_PATHS = NO;
				CLANG_ANALYZER_NONNULL = YES;
				CLANG_ANALYZER_NUMBER_OBJECT_CONVERSION = YES_AGGRESSIVE;
				CLANG_CXX_LANGUAGE_STANDARD = "gnu++20";
				CLANG_ENABLE_MODULES = YES;
				CLANG_ENABLE_OBJC_ARC = YES;
				CLANG_ENABLE_OBJC_WEAK = YES;
				CLANG_WARN_BLOCK_CAPTURE_AUTORELEASING = YES;
				CLANG_WARN_BOOL_CONVERSION = YES;
				CLANG_WARN_COMMA = YES;
				CLANG_WARN_CONSTANT_CONVERSION = YES;
				CLANG_WARN_DEPRECATED_OBJC_IMPLEMENTATIONS = YES;
				CLANG_WARN_DIRECT_OBJC_ISA_USAGE = YES_ERROR;
				CLANG_WARN_DOCUMENTATION_COMMENTS = YES;
				CLANG_WARN_EMPTY_BODY = YES;
				CLANG_WARN_ENUM_CONVERSION = YES;
				CLANG_WARN_INFINITE_RECURSION = YES;
				CLANG_WARN_INT_CONVERSION = YES;
				CLANG_WARN_NON_LITERAL_NULL_CONVERSION = YES;
				CLANG_WARN_OBJC_IMPLICIT_RETAIN_SELF = YES;
				CLANG_WARN_OBJC_LITERAL_CONVERSION = YES;
				CLANG_WARN_OBJC_ROOT_CLASS = YES_ERROR;
				CLANG_WARN_QUOTED_INCLUDE_IN_FRAMEWORK_HEADER = YES;
				CLANG_WARN_RANGE_LOOP_ANALYSIS = YES;
				CLANG_WARN_STRICT_PROTOTYPES = YES;
				CLANG_WARN_SUSPICIOUS_MOVE = YES;
				CLANG_WARN_UNGUARDED_AVAILABILITY = YES_AGGRESSIVE;
				CLANG_WARN_UNREACHABLE_CODE = YES;
				CLANG_WARN__DUPLICATE_METHOD_MATCH = YES;
				COPY_PHASE_STRIP = NO;
				DEBUG_INFORMATION_FORMAT = dwarf;
				ENABLE_STRICT_OBJC_MSGSEND = YES;
				ENABLE_TESTABILITY = YES;
				GCC_C_LANGUAGE_STANDARD = gnu11;
				GCC_DYNAMIC_NO_PIC = NO;
				GCC_NO_COMMON_BLOCKS = YES;
				GCC_OPTIMIZATION_LEVEL = 0;
				GCC_PREPROCESSOR_DEFINITIONS = (
					"DEBUG=1",
					"$(inherited)",
				);
				GCC_WARN_64_TO_32_BIT_CONVERSION = YES;
				GCC_WARN_ABOUT_RETURN_TYPE = YES_ERROR;
				GCC_WARN_UNDECLARED_SELECTOR = YES;
				GCC_WARN_UNINITIALIZED_AUTOS = YES_AGGRESSIVE;
				GCC_WARN_UNUSED_FUNCTION = YES;
				GCC_WARN_UNUSED_VARIABLE = YES;
				MTL_ENABLE_DEBUG_INFO = INCLUDE_SOURCE;
				MTL_FAST_MATH = YES;
				ONLY_ACTIVE_ARCH = YES;
				SWIFT_ACTIVE_COMPILATION_CONDITIONS = DEBUG;
				SWIFT_OPTIMIZATION_LEVEL = "-Onone";
			};
			name = Debug;
		};
		760E6005298E028500E28982 /* Release */ = {
			isa = XCBuildConfiguration;
			buildSettings = {
				ALWAYS_SEARCH_USER_PATHS = NO;
				CLANG_ANALYZER_NONNULL = YES;
				CLANG_ANALYZER_NUMBER_OBJECT_CONVERSION = YES_AGGRESSIVE;
				CLANG_CXX_LANGUAGE_STANDARD = "gnu++20";
				CLANG_ENABLE_MODULES = YES;
				CLANG_ENABLE_OBJC_ARC = YES;
				CLANG_ENABLE_OBJC_WEAK = YES;
				CLANG_WARN_BLOCK_CAPTURE_AUTORELEASING = YES;
				CLANG_WARN_BOOL_CONVERSION = YES;
				CLANG_WARN_COMMA = YES;
				CLANG_WARN_CONSTANT_CONVERSION = YES;
				CLANG_WARN_DEPRECATED_OBJC_IMPLEMENTATIONS = YES;
				CLANG_WARN_DIRECT_OBJC_ISA_USAGE = YES_ERROR;
				CLANG_WARN_DOCUMENTATION_COMMENTS = YES;
				CLANG_WARN_EMPTY_BODY = YES;
				CLANG_WARN_ENUM_CONVERSION = YES;
				CLANG_WARN_INFINITE_RECURSION = YES;
				CLANG_WARN_INT_CONVERSION = YES;
				CLANG_WARN_NON_LITERAL_NULL_CONVERSION = YES;
				CLANG_WARN_OBJC_IMPLICIT_RETAIN_SELF = YES;
				CLANG_WARN_OBJC_LITERAL_CONVERSION = YES;
				CLANG_WARN_OBJC_ROOT_CLASS = YES_ERROR;
				CLANG_WARN_QUOTED_INCLUDE_IN_FRAMEWORK_HEADER = YES;
				CLANG_WARN_RANGE_LOOP_ANALYSIS = YES;
				CLANG_WARN_STRICT_PROTOTYPES = YES;
				CLANG_WARN_SUSPICIOUS_MOVE = YES;
				CLANG_WARN_UNGUARDED_AVAILABILITY = YES_AGGRESSIVE;
				CLANG_WARN_UNREACHABLE_CODE = YES;
				CLANG_WARN__DUPLICATE_METHOD_MATCH = YES;
				COPY_PHASE_STRIP = NO;
				DEBUG_INFORMATION_FORMAT = "dwarf-with-dsym";
				ENABLE_NS_ASSERTIONS = NO;
				ENABLE_STRICT_OBJC_MSGSEND = YES;
				GCC_C_LANGUAGE_STANDARD = gnu11;
				GCC_NO_COMMON_BLOCKS = YES;
				GCC_WARN_64_TO_32_BIT_CONVERSION = YES;
				GCC_WARN_ABOUT_RETURN_TYPE = YES_ERROR;
				GCC_WARN_UNDECLARED_SELECTOR = YES;
				GCC_WARN_UNINITIALIZED_AUTOS = YES_AGGRESSIVE;
				GCC_WARN_UNUSED_FUNCTION = YES;
				GCC_WARN_UNUSED_VARIABLE = YES;
				MTL_ENABLE_DEBUG_INFO = NO;
				MTL_FAST_MATH = YES;
				SWIFT_COMPILATION_MODE = wholemodule;
				SWIFT_OPTIMIZATION_LEVEL = "-O";
			};
			name = Release;
		};
		760E6007298E028500E28982 /* Debug */ = {
			isa = XCBuildConfiguration;
			buildSettings = {
				ASSETCATALOG_COMPILER_APPICON_NAME = AppIcon;
				ASSETCATALOG_COMPILER_GLOBAL_ACCENT_COLOR_NAME = AccentColor;
				CODE_SIGN_ENTITLEMENTS = "E WALLET/E_WALLET.entitlements";
				CODE_SIGN_STYLE = Automatic;
				CURRENT_PROJECT_VERSION = 1;
				DEVELOPMENT_ASSET_PATHS = "\"E WALLET/Preview Content\"";
				DEVELOPMENT_TEAM = C7ZQAY42LW;
				ENABLE_HARDENED_RUNTIME = YES;
				ENABLE_PREVIEWS = YES;
				GENERATE_INFOPLIST_FILE = YES;
				"INFOPLIST_KEY_UIApplicationSceneManifest_Generation[sdk=iphoneos*]" = YES;
				"INFOPLIST_KEY_UIApplicationSceneManifest_Generation[sdk=iphonesimulator*]" = YES;
				"INFOPLIST_KEY_UIApplicationSupportsIndirectInputEvents[sdk=iphoneos*]" = YES;
				"INFOPLIST_KEY_UIApplicationSupportsIndirectInputEvents[sdk=iphonesimulator*]" = YES;
				"INFOPLIST_KEY_UILaunchScreen_Generation[sdk=iphoneos*]" = YES;
				"INFOPLIST_KEY_UILaunchScreen_Generation[sdk=iphonesimulator*]" = YES;
				"INFOPLIST_KEY_UIStatusBarStyle[sdk=iphoneos*]" = UIStatusBarStyleDefault;
				"INFOPLIST_KEY_UIStatusBarStyle[sdk=iphonesimulator*]" = UIStatusBarStyleDefault;
				INFOPLIST_KEY_UISupportedInterfaceOrientations_iPad = "UIInterfaceOrientationPortrait UIInterfaceOrientationPortraitUpsideDown UIInterfaceOrientationLandscapeLeft UIInterfaceOrientationLandscapeRight";
				INFOPLIST_KEY_UISupportedInterfaceOrientations_iPhone = "UIInterfaceOrientationPortrait UIInterfaceOrientationLandscapeLeft UIInterfaceOrientationLandscapeRight";
				IPHONEOS_DEPLOYMENT_TARGET = 16.2;
				LD_RUNPATH_SEARCH_PATHS = "@executable_path/Frameworks";
				"LD_RUNPATH_SEARCH_PATHS[sdk=macosx*]" = "@executable_path/../Frameworks";
				MACOSX_DEPLOYMENT_TARGET = 13.1;
				MARKETING_VERSION = 1.0;
				PRODUCT_BUNDLE_IDENTIFIER = "YUEMENG-TANG.E-WALLET";
				PRODUCT_NAME = "$(TARGET_NAME)";
				SDKROOT = auto;
				SUPPORTED_PLATFORMS = "iphoneos iphonesimulator macosx";
				SWIFT_EMIT_LOC_STRINGS = YES;
				SWIFT_VERSION = 5.0;
				TARGETED_DEVICE_FAMILY = "1,2";
			};
			name = Debug;
		};
		760E6008298E028500E28982 /* Release */ = {
			isa = XCBuildConfiguration;
			buildSettings = {
				ASSETCATALOG_COMPILER_APPICON_NAME = AppIcon;
				ASSETCATALOG_COMPILER_GLOBAL_ACCENT_COLOR_NAME = AccentColor;
				CODE_SIGN_ENTITLEMENTS = "E WALLET/E_WALLET.entitlements";
				CODE_SIGN_STYLE = Automatic;
				CURRENT_PROJECT_VERSION = 1;
				DEVELOPMENT_ASSET_PATHS = "\"E WALLET/Preview Content\"";
				DEVELOPMENT_TEAM = C7ZQAY42LW;
				ENABLE_HARDENED_RUNTIME = YES;
				ENABLE_PREVIEWS = YES;
				GENERATE_INFOPLIST_FILE = YES;
				"INFOPLIST_KEY_UIApplicationSceneManifest_Generation[sdk=iphoneos*]" = YES;
				"INFOPLIST_KEY_UIApplicationSceneManifest_Generation[sdk=iphonesimulator*]" = YES;
				"INFOPLIST_KEY_UIApplicationSupportsIndirectInputEvents[sdk=iphoneos*]" = YES;
				"INFOPLIST_KEY_UIApplicationSupportsIndirectInputEvents[sdk=iphonesimulator*]" = YES;
				"INFOPLIST_KEY_UILaunchScreen_Generation[sdk=iphoneos*]" = YES;
				"INFOPLIST_KEY_UILaunchScreen_Generation[sdk=iphonesimulator*]" = YES;
				"INFOPLIST_KEY_UIStatusBarStyle[sdk=iphoneos*]" = UIStatusBarStyleDefault;
				"INFOPLIST_KEY_UIStatusBarStyle[sdk=iphonesimulator*]" = UIStatusBarStyleDefault;
				INFOPLIST_KEY_UISupportedInterfaceOrientations_iPad = "UIInterfaceOrientationPortrait UIInterfaceOrientationPortraitUpsideDown UIInterfaceOrientationLandscapeLeft UIInterfaceOrientationLandscapeRight";
				INFOPLIST_KEY_UISupportedInterfaceOrientations_iPhone = "UIInterfaceOrientationPortrait UIInterfaceOrientationLandscapeLeft UIInterfaceOrientationLandscapeRight";
				IPHONEOS_DEPLOYMENT_TARGET = 16.2;
				LD_RUNPATH_SEARCH_PATHS = "@executable_path/Frameworks";
				"LD_RUNPATH_SEARCH_PATHS[sdk=macosx*]" = "@executable_path/../Frameworks";
				MACOSX_DEPLOYMENT_TARGET = 13.1;
				MARKETING_VERSION = 1.0;
				PRODUCT_BUNDLE_IDENTIFIER = "YUEMENG-TANG.E-WALLET";
				PRODUCT_NAME = "$(TARGET_NAME)";
				SDKROOT = auto;
				SUPPORTED_PLATFORMS = "iphoneos iphonesimulator macosx";
				SWIFT_EMIT_LOC_STRINGS = YES;
				SWIFT_VERSION = 5.0;
				TARGETED_DEVICE_FAMILY = "1,2";
			};
			name = Release;
		};
		760E600A298E028500E28982 /* Debug */ = {
			isa = XCBuildConfiguration;
			buildSettings = {
				ALWAYS_EMBED_SWIFT_STANDARD_LIBRARIES = YES;
				BUNDLE_LOADER = "$(TEST_HOST)";
				CODE_SIGN_STYLE = Automatic;
				CURRENT_PROJECT_VERSION = 1;
				DEVELOPMENT_TEAM = C7ZQAY42LW;
				GENERATE_INFOPLIST_FILE = YES;
				IPHONEOS_DEPLOYMENT_TARGET = 16.2;
				MACOSX_DEPLOYMENT_TARGET = 13.1;
				MARKETING_VERSION = 1.0;
				PRODUCT_BUNDLE_IDENTIFIER = "YUEMENG-TANG.E-WALLETTests";
				PRODUCT_NAME = "$(TARGET_NAME)";
				SDKROOT = auto;
				SUPPORTED_PLATFORMS = "iphoneos iphonesimulator macosx";
				SWIFT_EMIT_LOC_STRINGS = NO;
				SWIFT_VERSION = 5.0;
				TARGETED_DEVICE_FAMILY = "1,2";
				TEST_HOST = "$(BUILT_PRODUCTS_DIR)/E WALLET.app/$(BUNDLE_EXECUTABLE_FOLDER_PATH)/E WALLET";
			};
			name = Debug;
		};
		760E600B298E028500E28982 /* Release */ = {
			isa = XCBuildConfiguration;
			buildSettings = {
				ALWAYS_EMBED_SWIFT_STANDARD_LIBRARIES = YES;
				BUNDLE_LOADER = "$(TEST_HOST)";
				CODE_SIGN_STYLE = Automatic;
				CURRENT_PROJECT_VERSION = 1;
				DEVELOPMENT_TEAM = C7ZQAY42LW;
				GENERATE_INFOPLIST_FILE = YES;
				IPHONEOS_DEPLOYMENT_TARGET = 16.2;
				MACOSX_DEPLOYMENT_TARGET = 13.1;
				MARKETING_VERSION = 1.0;
				PRODUCT_BUNDLE_IDENTIFIER = "YUEMENG-TANG.E-WALLETTests";
				PRODUCT_NAME = "$(TARGET_NAME)";
				SDKROOT = auto;
				SUPPORTED_PLATFORMS = "iphoneos iphonesimulator macosx";
				SWIFT_EMIT_LOC_STRINGS = NO;
				SWIFT_VERSION = 5.0;
				TARGETED_DEVICE_FAMILY = "1,2";
				TEST_HOST = "$(BUILT_PRODUCTS_DIR)/E WALLET.app/$(BUNDLE_EXECUTABLE_FOLDER_PATH)/E WALLET";
			};
			name = Release;
		};
		760E600D298E028500E28982 /* Debug */ = {
			isa = XCBuildConfiguration;
			buildSettings = {
				ALWAYS_EMBED_SWIFT_STANDARD_LIBRARIES = YES;
				CODE_SIGN_STYLE = Automatic;
				CURRENT_PROJECT_VERSION = 1;
				DEVELOPMENT_TEAM = C7ZQAY42LW;
				GENERATE_INFOPLIST_FILE = YES;
				IPHONEOS_DEPLOYMENT_TARGET = 16.2;
				MACOSX_DEPLOYMENT_TARGET = 13.1;
				MARKETING_VERSION = 1.0;
				PRODUCT_BUNDLE_IDENTIFIER = "YUEMENG-TANG.E-WALLETUITests";
				PRODUCT_NAME = "$(TARGET_NAME)";
				SDKROOT = auto;
				SUPPORTED_PLATFORMS = "iphoneos iphonesimulator macosx";
				SWIFT_EMIT_LOC_STRINGS = NO;
				SWIFT_VERSION = 5.0;
				TARGETED_DEVICE_FAMILY = "1,2";
				TEST_TARGET_NAME = "E WALLET";
			};
			name = Debug;
		};
		760E600E298E028500E28982 /* Release */ = {
			isa = XCBuildConfiguration;
			buildSettings = {
				ALWAYS_EMBED_SWIFT_STANDARD_LIBRARIES = YES;
				CODE_SIGN_STYLE = Automatic;
				CURRENT_PROJECT_VERSION = 1;
				DEVELOPMENT_TEAM = C7ZQAY42LW;
				GENERATE_INFOPLIST_FILE = YES;
				IPHONEOS_DEPLOYMENT_TARGET = 16.2;
				MACOSX_DEPLOYMENT_TARGET = 13.1;
				MARKETING_VERSION = 1.0;
				PRODUCT_BUNDLE_IDENTIFIER = "YUEMENG-TANG.E-WALLETUITests";
				PRODUCT_NAME = "$(TARGET_NAME)";
				SDKROOT = auto;
				SUPPORTED_PLATFORMS = "iphoneos iphonesimulator macosx";
				SWIFT_EMIT_LOC_STRINGS = NO;
				SWIFT_VERSION = 5.0;
				TARGETED_DEVICE_FAMILY = "1,2";
				TEST_TARGET_NAME = "E WALLET";
			};
			name = Release;
		};
/* End XCBuildConfiguration section */

/* Begin XCConfigurationList section */
		760E5FDC298E028300E28982 /* Build configuration list for PBXProject "E WALLET" */ = {
			isa = XCConfigurationList;
			buildConfigurations = (
				760E6004298E028500E28982 /* Debug */,
				760E6005298E028500E28982 /* Release */,
			);
			defaultConfigurationIsVisible = 0;
			defaultConfigurationName = Release;
		};
		760E6006298E028500E28982 /* Build configuration list for PBXNativeTarget "E WALLET" */ = {
			isa = XCConfigurationList;
			buildConfigurations = (
				760E6007298E028500E28982 /* Debug */,
				760E6008298E028500E28982 /* Release */,
			);
			defaultConfigurationIsVisible = 0;
			defaultConfigurationName = Release;
		};
		760E6009298E028500E28982 /* Build configuration list for PBXNativeTarget "E WALLETTests" */ = {
			isa = XCConfigurationList;
			buildConfigurations = (
				760E600A298E028500E28982 /* Debug */,
				760E600B298E028500E28982 /* Release */,
			);
			defaultConfigurationIsVisible = 0;
			defaultConfigurationName = Release;
		};
		760E600C298E028500E28982 /* Build configuration list for PBXNativeTarget "E WALLETUITests" */ = {
			isa = XCConfigurationList;
			buildConfigurations = (
				760E600D298E028500E28982 /* Debug */,
				760E600E298E028500E28982 /* Release */,
			);
			defaultConfigurationIsVisible = 0;
			defaultConfigurationName = Release;
		};
/* End XCConfigurationList section */
	};
	rootObject = 760E5FD9298E028300E28982 /* Project object */;
}
